
Microsoft Visual Studio Solution File, Format Version 12.00
# Visual Studio Version 16
VisualStudioVersion = 16.0.31005.135
MinimumVisualStudioVersion = 10.0.40219.1
Project("{FAE04EC0-301F-11D3-BF4B-00C04F79EFBC}") = "Test4", "Test4\Test4.csproj", "{12BDB497-CC54-4E91-9EDD-5DDF9F336B7C}"
EndProject
Global
	GlobalSection(SolutionConfigurationPlatforms) = preSolution
		Debug|Any CPU = Debug|Any CPU
		Release|Any CPU = Release|Any CPU
	EndGlobalSection
	GlobalSection(ProjectConfigurationPlatforms) = postSolution
		{12BDB497-CC54-4E91-9EDD-5DDF9F336B7C}.Debug|Any CPU.ActiveCfg = Debug|Any CPU
		{12BDB497-CC54-4E91-9EDD-5DDF9F336B7C}.Debug|Any CPU.Build.0 = Debug|Any CPU
		{12BDB497-CC54-4E91-9EDD-5DDF9F336B7C}.Release|Any CPU.ActiveCfg = Release|Any CPU
		{12BDB497-CC54-4E91-9EDD-5DDF9F336B7C}.Release|Any CPU.Build.0 = Release|Any CPU
	EndGlobalSection
	GlobalSection(SolutionProperties) = preSolution
		HideSolutionNode = FALSE
	EndGlobalSection
	GlobalSection(ExtensibilityGlobals) = postSolution
		SolutionGuid = {79130C9F-EE7D-4C97-AF3F-93788C041669}
	EndGlobalSection
EndGlobal
